
Microsoft Visual Studio Solution File, Format Version 11.00
# Visual Studio 2010
Project("{FAE04EC0-301F-11D3-BF4B-00C04F79EFBC}") = "refStatus", "refStatus\refStatus.csproj", "{A52CF1B9-6758-49FE-98C9-AE6EFB504133}"
EndProject
Project("{FAE04EC0-301F-11D3-BF4B-00C04F79EFBC}") = "refModules", "refModules\refModules.csproj", "{AB8064A7-40E8-436F-B500-D2C7BC747902}"
EndProject
Project("{FAE04EC0-301F-11D3-BF4B-00C04F79EFBC}") = "refMenuType", "refMenuType\refMenuType.csproj", "{9E74FE89-B5B1-4A38-B027-CD111A225480}"
EndProject
Project("{FAE04EC0-301F-11D3-BF4B-00C04F79EFBC}") = "refPost", "refPost\refPost.csproj", "{8E069F57-0194-484A-9A35-D11E37DD0B0E}"
EndProject
Project("{FAE04EC0-301F-11D3-BF4B-00C04F79EFBC}") = "refMeasure", "refMeasure\refMeasure.csproj", "{2AD130FE-F148-4F0E-AEDA-932EFBB36E32}"
EndProject
Project("{FAE04EC0-301F-11D3-BF4B-00C04F79EFBC}") = "refGoods", "refGoods\refGoods.csproj", "{D85D6696-335C-4A42-AC8D-DA92EC5C7CF6}"
EndProject
Project("{FAE04EC0-301F-11D3-BF4B-00C04F79EFBC}") = "refDepot", "refDepot\refDepot.csproj", "{E694906D-5F05-4D81-846E-B9026E941A31}"
EndProject
Project("{FAE04EC0-301F-11D3-BF4B-00C04F79EFBC}") = "refAccounts", "refAccounts\refAccounts.csproj", "{3942783B-01AB-479B-B743-FCA602FE7BE7}"
EndProject
Global
	GlobalSection(SubversionScc) = preSolution
		Svn-Managed = True
		Manager = AnkhSVN - Subversion Support for Visual Studio
	EndGlobalSection
	GlobalSection(SolutionConfigurationPlatforms) = preSolution
		Debug|x86 = Debug|x86
		Release|x86 = Release|x86
	EndGlobalSection
	GlobalSection(ProjectConfigurationPlatforms) = postSolution
		{A52CF1B9-6758-49FE-98C9-AE6EFB504133}.Debug|x86.ActiveCfg = Debug|x86
		{A52CF1B9-6758-49FE-98C9-AE6EFB504133}.Debug|x86.Build.0 = Debug|x86
		{A52CF1B9-6758-49FE-98C9-AE6EFB504133}.Release|x86.ActiveCfg = Release|x86
		{A52CF1B9-6758-49FE-98C9-AE6EFB504133}.Release|x86.Build.0 = Release|x86
		{AB8064A7-40E8-436F-B500-D2C7BC747902}.Debug|x86.ActiveCfg = Debug|x86
		{AB8064A7-40E8-436F-B500-D2C7BC747902}.Debug|x86.Build.0 = Debug|x86
		{AB8064A7-40E8-436F-B500-D2C7BC747902}.Release|x86.ActiveCfg = Release|x86
		{AB8064A7-40E8-436F-B500-D2C7BC747902}.Release|x86.Build.0 = Release|x86
		{9E74FE89-B5B1-4A38-B027-CD111A225480}.Debug|x86.ActiveCfg = Debug|x86
		{9E74FE89-B5B1-4A38-B027-CD111A225480}.Debug|x86.Build.0 = Debug|x86
		{9E74FE89-B5B1-4A38-B027-CD111A225480}.Release|x86.ActiveCfg = Release|x86
		{9E74FE89-B5B1-4A38-B027-CD111A225480}.Release|x86.Build.0 = Release|x86
		{8E069F57-0194-484A-9A35-D11E37DD0B0E}.Debug|x86.ActiveCfg = Debug|x86
		{8E069F57-0194-484A-9A35-D11E37DD0B0E}.Debug|x86.Build.0 = Debug|x86
		{8E069F57-0194-484A-9A35-D11E37DD0B0E}.Release|x86.ActiveCfg = Release|x86
		{8E069F57-0194-484A-9A35-D11E37DD0B0E}.Release|x86.Build.0 = Release|x86
		{2AD130FE-F148-4F0E-AEDA-932EFBB36E32}.Debug|x86.ActiveCfg = Debug|x86
		{2AD130FE-F148-4F0E-AEDA-932EFBB36E32}.Debug|x86.Build.0 = Debug|x86
		{2AD130FE-F148-4F0E-AEDA-932EFBB36E32}.Release|x86.ActiveCfg = Release|x86
		{2AD130FE-F148-4F0E-AEDA-932EFBB36E32}.Release|x86.Build.0 = Release|x86
		{D85D6696-335C-4A42-AC8D-DA92EC5C7CF6}.Debug|x86.ActiveCfg = Debug|x86
		{D85D6696-335C-4A42-AC8D-DA92EC5C7CF6}.Debug|x86.Build.0 = Debug|x86
		{D85D6696-335C-4A42-AC8D-DA92EC5C7CF6}.Release|x86.ActiveCfg = Release|x86
		{D85D6696-335C-4A42-AC8D-DA92EC5C7CF6}.Release|x86.Build.0 = Release|x86
		{E694906D-5F05-4D81-846E-B9026E941A31}.Debug|x86.ActiveCfg = Debug|x86
		{E694906D-5F05-4D81-846E-B9026E941A31}.Debug|x86.Build.0 = Debug|x86
		{E694906D-5F05-4D81-846E-B9026E941A31}.Release|x86.ActiveCfg = Release|x86
		{E694906D-5F05-4D81-846E-B9026E941A31}.Release|x86.Build.0 = Release|x86
		{3942783B-01AB-479B-B743-FCA602FE7BE7}.Debug|x86.ActiveCfg = Debug|x86
		{3942783B-01AB-479B-B743-FCA602FE7BE7}.Debug|x86.Build.0 = Debug|x86
		{3942783B-01AB-479B-B743-FCA602FE7BE7}.Release|x86.ActiveCfg = Release|x86
		{3942783B-01AB-479B-B743-FCA602FE7BE7}.Release|x86.Build.0 = Release|x86
	EndGlobalSection
	GlobalSection(SolutionProperties) = preSolution
		HideSolutionNode = FALSE
	EndGlobalSection
EndGlobal
