
Microsoft Visual Studio Solution File, Format Version 11.00
# Visual Studio 2010
Project("{FAE04EC0-301F-11D3-BF4B-00C04F79EFBC}") = "Prepack", "Prepack\Prepack.csproj", "{5D3E9802-11F3-4896-B335-40652182FBBF}"
EndProject
Global
	GlobalSection(SubversionScc) = preSolution
		Svn-Managed = True
		Manager = AnkhSVN - Subversion Support for Visual Studio
	EndGlobalSection
	GlobalSection(SolutionConfigurationPlatforms) = preSolution
		Debug|x86 = Debug|x86
		Release|x86 = Release|x86
	EndGlobalSection
	GlobalSection(ProjectConfigurationPlatforms) = postSolution
		{5D3E9802-11F3-4896-B335-40652182FBBF}.Debug|x86.ActiveCfg = Debug|x86
		{5D3E9802-11F3-4896-B335-40652182FBBF}.Debug|x86.Build.0 = Debug|x86
		{5D3E9802-11F3-4896-B335-40652182FBBF}.Release|x86.ActiveCfg = Release|x86
		{5D3E9802-11F3-4896-B335-40652182FBBF}.Release|x86.Build.0 = Release|x86
	EndGlobalSection
	GlobalSection(SolutionProperties) = preSolution
		HideSolutionNode = FALSE
	EndGlobalSection
EndGlobal
